
Microsoft Visual Studio Solution File, Format Version 12.00
# Visual Studio Version 16
VisualStudioVersion = 25.0.1703.2
MinimumVisualStudioVersion = 10.0.40219.1
Project("{FAE04EC0-301F-11D3-BF4B-00C04F79EFBC}") = "FacPatBonus", "FacPatBonus\FacPatBonus.csproj", "{D631392A-6417-4D3B-BACA-A75DDB42C2CD}"
EndProject
Global
	GlobalSection(SolutionConfigurationPlatforms) = preSolution
		Debug|Any CPU = Debug|Any CPU
		Release|Any CPU = Release|Any CPU
	EndGlobalSection
	GlobalSection(ProjectConfigurationPlatforms) = postSolution
		{D631392A-6417-4D3B-BACA-A75DDB42C2CD}.Debug|Any CPU.ActiveCfg = Debug|Any CPU
		{D631392A-6417-4D3B-BACA-A75DDB42C2CD}.Debug|Any CPU.Build.0 = Debug|Any CPU
		{D631392A-6417-4D3B-BACA-A75DDB42C2CD}.Release|Any CPU.ActiveCfg = Release|Any CPU
		{D631392A-6417-4D3B-BACA-A75DDB42C2CD}.Release|Any CPU.Build.0 = Release|Any CPU
	EndGlobalSection
	GlobalSection(SolutionProperties) = preSolution
		HideSolutionNode = FALSE
	EndGlobalSection
	GlobalSection(ExtensibilityGlobals) = postSolution
		SolutionGuid = {CB3C2799-0BC2-426C-BE95-83FB5B7999A5}
	EndGlobalSection
EndGlobal
